
Microsoft Visual Studio Solution File, Format Version 12.00
# Visual Studio 14
VisualStudioVersion = 14.0.25420.1
MinimumVisualStudioVersion = 10.0.40219.1
Project("{FAE04EC0-301F-11D3-BF4B-00C04F79EFBC}") = "WpfApplication_Demo1", "WpfApplication_Demo1\WpfApplication_Demo1.csproj", "{B51C2F1C-E685-4C6E-9A20-07E8761CCDD0}"
EndProject
Global
	GlobalSection(SolutionConfigurationPlatforms) = preSolution
		Debug|Any CPU = Debug|Any CPU
		Release|Any CPU = Release|Any CPU
	EndGlobalSection
	GlobalSection(ProjectConfigurationPlatforms) = postSolution
		{B51C2F1C-E685-4C6E-9A20-07E8761CCDD0}.Debug|Any CPU.ActiveCfg = Debug|Any CPU
		{B51C2F1C-E685-4C6E-9A20-07E8761CCDD0}.Debug|Any CPU.Build.0 = Debug|Any CPU
		{B51C2F1C-E685-4C6E-9A20-07E8761CCDD0}.Release|Any CPU.ActiveCfg = Release|Any CPU
		{B51C2F1C-E685-4C6E-9A20-07E8761CCDD0}.Release|Any CPU.Build.0 = Release|Any CPU
	EndGlobalSection
	GlobalSection(SolutionProperties) = preSolution
		HideSolutionNode = FALSE
	EndGlobalSection
EndGlobal
